
Microsoft Visual Studio Solution File, Format Version 12.00
# Visual Studio Version 17
VisualStudioVersion = 17.9.34728.123
MinimumVisualStudioVersion = 10.0.40219.1
Project("{FAE04EC0-301F-11D3-BF4B-00C04F79EFBC}") = "HolaMundo", "HolaMundo\HolaMundo.csproj", "{ED5B4CD2-03E9-4225-953A-735645A86011}"
EndProject
Global
	GlobalSection(SolutionConfigurationPlatforms) = preSolution
		Debug|Any CPU = Debug|Any CPU
		Release|Any CPU = Release|Any CPU
	EndGlobalSection
	GlobalSection(ProjectConfigurationPlatforms) = postSolution
		{ED5B4CD2-03E9-4225-953A-735645A86011}.Debug|Any CPU.ActiveCfg = Debug|Any CPU
		{ED5B4CD2-03E9-4225-953A-735645A86011}.Debug|Any CPU.Build.0 = Debug|Any CPU
		{ED5B4CD2-03E9-4225-953A-735645A86011}.Release|Any CPU.ActiveCfg = Release|Any CPU
		{ED5B4CD2-03E9-4225-953A-735645A86011}.Release|Any CPU.Build.0 = Release|Any CPU
	EndGlobalSection
	GlobalSection(SolutionProperties) = preSolution
		HideSolutionNode = FALSE
	EndGlobalSection
	GlobalSection(ExtensibilityGlobals) = postSolution
		SolutionGuid = {E51DEAC0-2D37-49BD-B85A-EDF7D0954EEE}
	EndGlobalSection
EndGlobal
